Microsoft Visual Studio Solution File, Format Version 12.00
# Visual Studio Version 17
VisualStudioVersion = 17.5.2.0
MinimumVisualStudioVersion = 10.0.40219.1
Project("{FAE04EC0-301F-11D3-BF4B-00C04F79EFBC}") = "kafka-consumer-service", "kafka-consumer-service.csproj", "{D934A76E-4702-2A7E-3DD1-DBDEEFDFEAC0}"
EndProject
Global
	GlobalSection(SolutionConfigurationPlatforms) = preSolution
		Debug|Any CPU = Debug|Any CPU
		Release|Any CPU = Release|Any CPU
	EndGlobalSection
	GlobalSection(ProjectConfigurationPlatforms) = postSolution
		{D934A76E-4702-2A7E-3DD1-DBDEEFDFEAC0}.Debug|Any CPU.ActiveCfg = Debug|Any CPU
		{D934A76E-4702-2A7E-3DD1-DBDEEFDFEAC0}.Debug|Any CPU.Build.0 = Debug|Any CPU
		{D934A76E-4702-2A7E-3DD1-DBDEEFDFEAC0}.Release|Any CPU.ActiveCfg = Release|Any CPU
		{D934A76E-4702-2A7E-3DD1-DBDEEFDFEAC0}.Release|Any CPU.Build.0 = Release|Any CPU
	EndGlobalSection
	GlobalSection(SolutionProperties) = preSolution
		HideSolutionNode = FALSE
	EndGlobalSection
	GlobalSection(ExtensibilityGlobals) = postSolution
		SolutionGuid = {037BE1E5-26BA-435B-AF51-900B51D723FE}
	EndGlobalSection
EndGlobal
